Microsoft Visual Studio Solution File, Format Version 12.00
# Visual Studio Version 17
VisualStudioVersion = 17.5.2.0
MinimumVisualStudioVersion = 10.0.40219.1
Project("{FAE04EC0-301F-11D3-BF4B-00C04F79EFBC}") = "Prilixor.Shared", "Prilixor.Shared.csproj", "{E874F529-B904-2D16-525A-E880C1C3F245}"
EndProject
Global
	GlobalSection(SolutionConfigurationPlatforms) = preSolution
		Debug|Any CPU = Debug|Any CPU
		Release|Any CPU = Release|Any CPU
	EndGlobalSection
	GlobalSection(ProjectConfigurationPlatforms) = postSolution
		{E874F529-B904-2D16-525A-E880C1C3F245}.Debug|Any CPU.ActiveCfg = Debug|Any CPU
		{E874F529-B904-2D16-525A-E880C1C3F245}.Debug|Any CPU.Build.0 = Debug|Any CPU
		{E874F529-B904-2D16-525A-E880C1C3F245}.Release|Any CPU.ActiveCfg = Release|Any CPU
		{E874F529-B904-2D16-525A-E880C1C3F245}.Release|Any CPU.Build.0 = Release|Any CPU
	EndGlobalSection
	GlobalSection(SolutionProperties) = preSolution
		HideSolutionNode = FALSE
	EndGlobalSection
	GlobalSection(ExtensibilityGlobals) = postSolution
		SolutionGuid = {CF32114E-E7A5-4CC5-931D-C0EEB6FC7FC4}
	EndGlobalSection
EndGlobal
